
Microsoft Visual Studio Solution File, Format Version 12.00
# Visual Studio Version 16
VisualStudioVersion = 16.0.29806.167
MinimumVisualStudioVersion = 10.0.40219.1
Project("{9A19103F-16F7-4668-BE54-9A1E7A4F7556}") = "ToBeCodeReviewed", "ToBeCodeReviewed\ToBeCodeReviewed.csproj", "{5A32CF02-6E2B-48C3-B8BF-42DC91BD825B}"
EndProject
Project("{9A19103F-16F7-4668-BE54-9A1E7A4F7556}") = "ToBeCodeReviewed.Tests", "ToBeCodeReviewed.Tests\ToBeCodeReviewed.Tests.csproj", "{46708D3D-3BB3-4803-AD90-BC5CBBCAB62A}"
EndProject
Global
	GlobalSection(SolutionConfigurationPlatforms) = preSolution
		Debug|Any CPU = Debug|Any CPU
		Release|Any CPU = Release|Any CPU
	EndGlobalSection
	GlobalSection(ProjectConfigurationPlatforms) = postSolution
		{5A32CF02-6E2B-48C3-B8BF-42DC91BD825B}.Debug|Any CPU.ActiveCfg = Debug|Any CPU
		{5A32CF02-6E2B-48C3-B8BF-42DC91BD825B}.Debug|Any CPU.Build.0 = Debug|Any CPU
		{5A32CF02-6E2B-48C3-B8BF-42DC91BD825B}.Release|Any CPU.ActiveCfg = Release|Any CPU
		{5A32CF02-6E2B-48C3-B8BF-42DC91BD825B}.Release|Any CPU.Build.0 = Release|Any CPU
		{46708D3D-3BB3-4803-AD90-BC5CBBCAB62A}.Debug|Any CPU.ActiveCfg = Debug|Any CPU
		{46708D3D-3BB3-4803-AD90-BC5CBBCAB62A}.Debug|Any CPU.Build.0 = Debug|Any CPU
		{46708D3D-3BB3-4803-AD90-BC5CBBCAB62A}.Release|Any CPU.ActiveCfg = Release|Any CPU
		{46708D3D-3BB3-4803-AD90-BC5CBBCAB62A}.Release|Any CPU.Build.0 = Release|Any CPU
	EndGlobalSection
	GlobalSection(SolutionProperties) = preSolution
		HideSolutionNode = FALSE
	EndGlobalSection
	GlobalSection(ExtensibilityGlobals) = postSolution
		SolutionGuid = {C1ABFB0F-C3EE-4239-9309-71E63C9E6E08}
	EndGlobalSection
EndGlobal
